
Microsoft Visual Studio Solution File, Format Version 12.00
# Visual Studio Version 17
VisualStudioVersion = 17.8.34525.116
MinimumVisualStudioVersion = 10.0.40219.1
Project("{FAE04EC0-301F-11D3-BF4B-00C04F79EFBC}") = "Video-Converter", "Video-Converter.csproj", "{B6599001-B148-47CE-82D0-0255078DB4B8}"
EndProject
Global
	GlobalSection(SolutionConfigurationPlatforms) = preSolution
		Debug|Any CPU = Debug|Any CPU
		Release|Any CPU = Release|Any CPU
	EndGlobalSection
	GlobalSection(ProjectConfigurationPlatforms) = postSolution
		{B6599001-B148-47CE-82D0-0255078DB4B8}.Debug|Any CPU.ActiveCfg = Debug|Any CPU
		{B6599001-B148-47CE-82D0-0255078DB4B8}.Debug|Any CPU.Build.0 = Debug|Any CPU
		{B6599001-B148-47CE-82D0-0255078DB4B8}.Release|Any CPU.ActiveCfg = Release|Any CPU
		{B6599001-B148-47CE-82D0-0255078DB4B8}.Release|Any CPU.Build.0 = Release|Any CPU
	EndGlobalSection
	GlobalSection(SolutionProperties) = preSolution
		HideSolutionNode = FALSE
	EndGlobalSection
	GlobalSection(ExtensibilityGlobals) = postSolution
		SolutionGuid = {82ED2A01-460A-4954-850E-2831DF6458A0}
	EndGlobalSection
EndGlobal
